
Microsoft Visual Studio Solution File, Format Version 12.00
# Visual Studio 15
VisualStudioVersion = 15.0.27703.2042
MinimumVisualStudioVersion = 10.0.40219.1
Project("{FAE04EC0-301F-11D3-BF4B-00C04F79EFBC}") = "ServiceApp", "ServiceApp\ServiceApp.csproj", "{C30B1EBA-C3C7-482B-A6E0-9AE803BE465F}"
EndProject
Global
	GlobalSection(SolutionConfigurationPlatforms) = preSolution
		Debug|Any CPU = Debug|Any CPU
		Release|Any CPU = Release|Any CPU
	EndGlobalSection
	GlobalSection(ProjectConfigurationPlatforms) = postSolution
		{C30B1EBA-C3C7-482B-A6E0-9AE803BE465F}.Debug|Any CPU.ActiveCfg = Debug|Any CPU
		{C30B1EBA-C3C7-482B-A6E0-9AE803BE465F}.Debug|Any CPU.Build.0 = Debug|Any CPU
		{C30B1EBA-C3C7-482B-A6E0-9AE803BE465F}.Release|Any CPU.ActiveCfg = Release|Any CPU
		{C30B1EBA-C3C7-482B-A6E0-9AE803BE465F}.Release|Any CPU.Build.0 = Release|Any CPU
	EndGlobalSection
	GlobalSection(SolutionProperties) = preSolution
		HideSolutionNode = FALSE
	EndGlobalSection
	GlobalSection(ExtensibilityGlobals) = postSolution
		SolutionGuid = {FEFC514F-E362-4C53-8006-61988F3A7D0B}
	EndGlobalSection
EndGlobal
